
Microsoft Visual Studio Solution File, Format Version 12.00
# Visual Studio Version 17
VisualStudioVersion = 17.1.32210.238
MinimumVisualStudioVersion = 10.0.40219.1
Project("{FAE04EC0-301F-11D3-BF4B-00C04F79EFBC}") = "PingTool", "PingTool.csproj", "{0BC02A6A-DE65-45A7-8ABA-885BCE04025E}"
EndProject
Global
	GlobalSection(SolutionConfigurationPlatforms) = preSolution
		Debug|Any CPU = Debug|Any CPU
		Release|Any CPU = Release|Any CPU
	EndGlobalSection
	GlobalSection(ProjectConfigurationPlatforms) = postSolution
		{0BC02A6A-DE65-45A7-8ABA-885BCE04025E}.Debug|Any CPU.ActiveCfg = Debug|Any CPU
		{0BC02A6A-DE65-45A7-8ABA-885BCE04025E}.Debug|Any CPU.Build.0 = Debug|Any CPU
		{0BC02A6A-DE65-45A7-8ABA-885BCE04025E}.Release|Any CPU.ActiveCfg = Release|Any CPU
		{0BC02A6A-DE65-45A7-8ABA-885BCE04025E}.Release|Any CPU.Build.0 = Release|Any CPU
	EndGlobalSection
	GlobalSection(SolutionProperties) = preSolution
		HideSolutionNode = FALSE
	EndGlobalSection
	GlobalSection(ExtensibilityGlobals) = postSolution
		SolutionGuid = {F82134BC-D199-44A0-8359-5CA73AC1340B}
	EndGlobalSection
EndGlobal
